
Microsoft Visual Studio Solution File, Format Version 12.00
Project("{FAE04EC0-301F-11D3-BF4B-00C04F79EFBC}") = "Kolokiwum_I", "Kolokiwum_I\Kolokiwum_I.csproj", "{122986D7-3379-4416-9443-8AC5491FD129}"
EndProject
Global
	GlobalSection(SolutionConfigurationPlatforms) = preSolution
		Debug|Any CPU = Debug|Any CPU
		Release|Any CPU = Release|Any CPU
	EndGlobalSection
	GlobalSection(ProjectConfigurationPlatforms) = postSolution
		{122986D7-3379-4416-9443-8AC5491FD129}.Debug|Any CPU.ActiveCfg = Debug|Any CPU
		{122986D7-3379-4416-9443-8AC5491FD129}.Debug|Any CPU.Build.0 = Debug|Any CPU
		{122986D7-3379-4416-9443-8AC5491FD129}.Release|Any CPU.ActiveCfg = Release|Any CPU
		{122986D7-3379-4416-9443-8AC5491FD129}.Release|Any CPU.Build.0 = Release|Any CPU
	EndGlobalSection
EndGlobal
